{
  "requires": true,
  "lockfileVersion": 1,
  "dependencies": {
    "@tailwindcss/aspect-ratio": {
      "version": "0.3.0",
      "resolved": "https://registry.npmjs.org/@tailwindcss/aspect-ratio/-/aspect-ratio-0.3.0.tgz",
      "integrity": "sha512-DMgWskNJR6FNPLbQ8Xoq/PKV/9DfNKh5dvKB+SM8x7lVl4+pnxlZ3Ns4+yGmurA/ze708HrnCG1tXk85HolJmw=="
    }
  }
}
